
Microsoft Visual Studio Solution File, Format Version 12.00
# Visual Studio 15
VisualStudioVersion = 15.0.28307.1022
MinimumVisualStudioVersion = 10.0.40219.1
Project("{FAE04EC0-301F-11D3-BF4B-00C04F79EFBC}") = "1533", "1533\1533.csproj", "{F8B2124A-C956-4141-A7D6-4122D811F653}"
EndProject
Project("{FAE04EC0-301F-11D3-BF4B-00C04F79EFBC}") = "ObjectVersion", "ObjectVersion\ObjectVersion.csproj", "{B67AD881-D6AA-4B50-AED9-9EE8F48181A7}"
EndProject
Global
	GlobalSection(SolutionConfigurationPlatforms) = preSolution
		Debug|Any CPU = Debug|Any CPU
		Debug|x64 = Debug|x64
		Debug|x86 = Debug|x86
		Release|Any CPU = Release|Any CPU
		Release|x64 = Release|x64
		Release|x86 = Release|x86
	EndGlobalSection
	GlobalSection(ProjectConfigurationPlatforms) = postSolution
		{F8B2124A-C956-4141-A7D6-4122D811F653}.Debug|Any CPU.ActiveCfg = Debug|Any CPU
		{F8B2124A-C956-4141-A7D6-4122D811F653}.Debug|Any CPU.Build.0 = Debug|Any CPU
		{F8B2124A-C956-4141-A7D6-4122D811F653}.Debug|x64.ActiveCfg = Debug|Any CPU
		{F8B2124A-C956-4141-A7D6-4122D811F653}.Debug|x64.Build.0 = Debug|Any CPU
		{F8B2124A-C956-4141-A7D6-4122D811F653}.Debug|x86.ActiveCfg = Debug|Any CPU
		{F8B2124A-C956-4141-A7D6-4122D811F653}.Debug|x86.Build.0 = Debug|Any CPU
		{F8B2124A-C956-4141-A7D6-4122D811F653}.Release|Any CPU.ActiveCfg = Release|Any CPU
		{F8B2124A-C956-4141-A7D6-4122D811F653}.Release|Any CPU.Build.0 = Release|Any CPU
		{F8B2124A-C956-4141-A7D6-4122D811F653}.Release|x64.ActiveCfg = Release|Any CPU
		{F8B2124A-C956-4141-A7D6-4122D811F653}.Release|x64.Build.0 = Release|Any CPU
		{F8B2124A-C956-4141-A7D6-4122D811F653}.Release|x86.ActiveCfg = Release|Any CPU
		{F8B2124A-C956-4141-A7D6-4122D811F653}.Release|x86.Build.0 = Release|Any CPU
		{B67AD881-D6AA-4B50-AED9-9EE8F48181A7}.Debug|Any CPU.ActiveCfg = Debug|Any CPU
		{B67AD881-D6AA-4B50-AED9-9EE8F48181A7}.Debug|Any CPU.Build.0 = Debug|Any CPU
		{B67AD881-D6AA-4B50-AED9-9EE8F48181A7}.Debug|x64.ActiveCfg = Debug|Any CPU
		{B67AD881-D6AA-4B50-AED9-9EE8F48181A7}.Debug|x64.Build.0 = Debug|Any CPU
		{B67AD881-D6AA-4B50-AED9-9EE8F48181A7}.Debug|x86.ActiveCfg = Debug|Any CPU
		{B67AD881-D6AA-4B50-AED9-9EE8F48181A7}.Debug|x86.Build.0 = Debug|Any CPU
		{B67AD881-D6AA-4B50-AED9-9EE8F48181A7}.Release|Any CPU.ActiveCfg = Release|Any CPU
		{B67AD881-D6AA-4B50-AED9-9EE8F48181A7}.Release|Any CPU.Build.0 = Release|Any CPU
		{B67AD881-D6AA-4B50-AED9-9EE8F48181A7}.Release|x64.ActiveCfg = Release|Any CPU
		{B67AD881-D6AA-4B50-AED9-9EE8F48181A7}.Release|x64.Build.0 = Release|Any CPU
		{B67AD881-D6AA-4B50-AED9-9EE8F48181A7}.Release|x86.ActiveCfg = Release|Any CPU
		{B67AD881-D6AA-4B50-AED9-9EE8F48181A7}.Release|x86.Build.0 = Release|Any CPU
	EndGlobalSection
	GlobalSection(SolutionProperties) = preSolution
		HideSolutionNode = FALSE
	EndGlobalSection
	GlobalSection(ExtensibilityGlobals) = postSolution
		SolutionGuid = {1861CEFB-8993-4121-BAE0-916C5390A0B0}
	EndGlobalSection
EndGlobal
