
Microsoft Visual Studio Solution File, Format Version 12.00
# Visual Studio 15
VisualStudioVersion = 15.0.28307.902
MinimumVisualStudioVersion = 10.0.40219.1
Project("{FAE04EC0-301F-11D3-BF4B-00C04F79EFBC}") = "1342", "1342\1342.csproj", "{ECE85CFE-49F8-4701-A3EF-3939D715438D}"
EndProject
Global
	GlobalSection(SolutionConfigurationPlatforms) = preSolution
		Debug|Any CPU = Debug|Any CPU
		Release|Any CPU = Release|Any CPU
	EndGlobalSection
	GlobalSection(ProjectConfigurationPlatforms) = postSolution
		{ECE85CFE-49F8-4701-A3EF-3939D715438D}.Debug|Any CPU.ActiveCfg = Debug|Any CPU
		{ECE85CFE-49F8-4701-A3EF-3939D715438D}.Debug|Any CPU.Build.0 = Debug|Any CPU
		{ECE85CFE-49F8-4701-A3EF-3939D715438D}.Release|Any CPU.ActiveCfg = Release|Any CPU
		{ECE85CFE-49F8-4701-A3EF-3939D715438D}.Release|Any CPU.Build.0 = Release|Any CPU
	EndGlobalSection
	GlobalSection(SolutionProperties) = preSolution
		HideSolutionNode = FALSE
	EndGlobalSection
	GlobalSection(ExtensibilityGlobals) = postSolution
		SolutionGuid = {50F2F5DB-21AD-4E9A-8C6F-E8806BB2F06C}
	EndGlobalSection
EndGlobal
